{
  "name": "@mason/tailwindcss-language-server",
  "version": "1.0.0",
  "lockfileVersion": 2,
  "requires": true,
  "packages": {
    "": {
      "name": "@mason/tailwindcss-language-server",
      "version": "1.0.0",
      "license": "ISC",
      "dependencies": {
        "@tailwindcss/language-server": "^0.0.7"
      }
    },
    "node_modules/@tailwindcss/language-server": {
      "version": "0.0.7",
      "resolved": "https://registry.npmjs.org/@tailwindcss/language-server/-/language-server-0.0.7.tgz",
      "integrity": "sha512-4N/MwW91BjMr1BHF3ywXlYOaoYsFWV77hO+xXMEGxBxBNdOJRawvS5fHxUSmfNMXyqR7l2F5PlzKiFZ7QJgXDg==",
      "bin": {
        "tailwindcss-language-server": "bin/tailwindcss-language-server"
      }
    }
  },
  "dependencies": {
    "@tailwindcss/language-server": {
      "version": "0.0.7",
      "resolved": "https://registry.npmjs.org/@tailwindcss/language-server/-/language-server-0.0.7.tgz",
      "integrity": "sha512-4N/MwW91BjMr1BHF3ywXlYOaoYsFWV77hO+xXMEGxBxBNdOJRawvS5fHxUSmfNMXyqR7l2F5PlzKiFZ7QJgXDg=="
    }
  }
}
